
Microsoft Visual Studio Solution File, Format Version 12.00
# Visual Studio Version 17
VisualStudioVersion = 17.3.32901.215
MinimumVisualStudioVersion = 10.0.40219.1
Project("{FAE04EC0-301F-11D3-BF4B-00C04F79EFBC}") = "uygulama2bolum26", "uygulama2bolum26\uygulama2bolum26.csproj", "{06D45FEC-87EC-4C8A-84EF-16C734BE535D}"
EndProject
Global
	GlobalSection(SolutionConfigurationPlatforms) = preSolution
		Debug|Any CPU = Debug|Any CPU
		Release|Any CPU = Release|Any CPU
	EndGlobalSection
	GlobalSection(ProjectConfigurationPlatforms) = postSolution
		{06D45FEC-87EC-4C8A-84EF-16C734BE535D}.Debug|Any CPU.ActiveCfg = Debug|Any CPU
		{06D45FEC-87EC-4C8A-84EF-16C734BE535D}.Debug|Any CPU.Build.0 = Debug|Any CPU
		{06D45FEC-87EC-4C8A-84EF-16C734BE535D}.Release|Any CPU.ActiveCfg = Release|Any CPU
		{06D45FEC-87EC-4C8A-84EF-16C734BE535D}.Release|Any CPU.Build.0 = Release|Any CPU
	EndGlobalSection
	GlobalSection(SolutionProperties) = preSolution
		HideSolutionNode = FALSE
	EndGlobalSection
	GlobalSection(ExtensibilityGlobals) = postSolution
		SolutionGuid = {2B28E076-D027-487A-8F88-BD1CEC8CE986}
	EndGlobalSection
EndGlobal
